
Microsoft Visual Studio Solution File, Format Version 12.00
# Visual Studio 15
VisualStudioVersion = 15.0.27703.1
MinimumVisualStudioVersion = 10.0.40219.1
Project("{FAE04EC0-301F-11D3-BF4B-00C04F79EFBC}") = "Mod3_Lab1", "Mod3_Lab1\Mod3_Lab1.csproj", "{3C32D83C-EA3B-4DFC-900C-D0AE76ADB0B4}"
EndProject
Global
	GlobalSection(SolutionConfigurationPlatforms) = preSolution
		Debug|Any CPU = Debug|Any CPU
		Release|Any CPU = Release|Any CPU
	EndGlobalSection
	GlobalSection(ProjectConfigurationPlatforms) = postSolution
		{3C32D83C-EA3B-4DFC-900C-D0AE76ADB0B4}.Debug|Any CPU.ActiveCfg = Debug|Any CPU
		{3C32D83C-EA3B-4DFC-900C-D0AE76ADB0B4}.Debug|Any CPU.Build.0 = Debug|Any CPU
		{3C32D83C-EA3B-4DFC-900C-D0AE76ADB0B4}.Release|Any CPU.ActiveCfg = Release|Any CPU
		{3C32D83C-EA3B-4DFC-900C-D0AE76ADB0B4}.Release|Any CPU.Build.0 = Release|Any CPU
	EndGlobalSection
	GlobalSection(SolutionProperties) = preSolution
		HideSolutionNode = FALSE
	EndGlobalSection
	GlobalSection(ExtensibilityGlobals) = postSolution
		SolutionGuid = {B7CDCC1C-3415-4118-9677-C1A0A72D13E5}
	EndGlobalSection
EndGlobal
